
Microsoft Visual Studio Solution File, Format Version 12.00
# Visual Studio Version 16
VisualStudioVersion = 16.0.29709.97
MinimumVisualStudioVersion = 10.0.40219.1
Project("{9A19103F-16F7-4668-BE54-9A1E7A4F7556}") = "bethanyspieshop", "bethanyspieshop\bethanyspieshop.csproj", "{9642861B-E578-45CA-A538-2F1B13C96E72}"
EndProject
Global
	GlobalSection(SolutionConfigurationPlatforms) = preSolution
		Debug|Any CPU = Debug|Any CPU
		Release|Any CPU = Release|Any CPU
	EndGlobalSection
	GlobalSection(ProjectConfigurationPlatforms) = postSolution
		{9642861B-E578-45CA-A538-2F1B13C96E72}.Debug|Any CPU.ActiveCfg = Debug|Any CPU
		{9642861B-E578-45CA-A538-2F1B13C96E72}.Debug|Any CPU.Build.0 = Debug|Any CPU
		{9642861B-E578-45CA-A538-2F1B13C96E72}.Release|Any CPU.ActiveCfg = Release|Any CPU
		{9642861B-E578-45CA-A538-2F1B13C96E72}.Release|Any CPU.Build.0 = Release|Any CPU
	EndGlobalSection
	GlobalSection(SolutionProperties) = preSolution
		HideSolutionNode = FALSE
	EndGlobalSection
	GlobalSection(ExtensibilityGlobals) = postSolution
		SolutionGuid = {3D40DF5B-894E-43D9-9F4E-410BBBCDB6F1}
	EndGlobalSection
EndGlobal
